
Microsoft Visual Studio Solution File, Format Version 12.00
# Visual Studio Version 16
VisualStudioVersion = 16.0.31515.178
MinimumVisualStudioVersion = 10.0.40219.1
Project("{888888A0-9F3D-457C-B088-3A5042F75D52}") = "StringsAndDatesCIS261BW", "StringsAndDatesCIS261BW.pyproj", "{36704519-B678-4611-8671-8985A7182FFE}"
EndProject
Global
	GlobalSection(SolutionConfigurationPlatforms) = preSolution
		Debug|Any CPU = Debug|Any CPU
		Release|Any CPU = Release|Any CPU
	EndGlobalSection
	GlobalSection(ProjectConfigurationPlatforms) = postSolution
		{36704519-B678-4611-8671-8985A7182FFE}.Debug|Any CPU.ActiveCfg = Debug|Any CPU
		{36704519-B678-4611-8671-8985A7182FFE}.Release|Any CPU.ActiveCfg = Release|Any CPU
	EndGlobalSection
	GlobalSection(SolutionProperties) = preSolution
		HideSolutionNode = FALSE
	EndGlobalSection
	GlobalSection(ExtensibilityGlobals) = postSolution
		SolutionGuid = {F8DF7CC4-786D-4429-9D3A-B8A192E88E2A}
	EndGlobalSection
EndGlobal
